
Microsoft Visual Studio Solution File, Format Version 12.00
# Visual Studio 2017
Project("{FAE04EC0-301F-11D3-BF4B-00C04F79EFBC}") = "JumpDemo", "JumpDemo.csproj", "{617C94E6-AB64-2163-E121-9F0402334793}"
EndProject
Global
	GlobalSection(SolutionConfigurationPlatforms) = preSolution
		Debug|Any CPU = Debug|Any CPU
		Release|Any CPU = Release|Any CPU
	EndGlobalSection
	GlobalSection(ProjectConfigurationPlatforms) = postSolution
		{617C94E6-AB64-2163-E121-9F0402334793}.Debug|Any CPU.ActiveCfg = Debug|Any CPU
		{617C94E6-AB64-2163-E121-9F0402334793}.Debug|Any CPU.Build.0 = Debug|Any CPU
		{617C94E6-AB64-2163-E121-9F0402334793}.Release|Any CPU.ActiveCfg = Release|Any CPU
		{617C94E6-AB64-2163-E121-9F0402334793}.Release|Any CPU.Build.0 = Release|Any CPU
	EndGlobalSection
	GlobalSection(SolutionProperties) = preSolution
		HideSolutionNode = FALSE
	EndGlobalSection
EndGlobal
